
Microsoft Visual Studio Solution File, Format Version 12.00
# Visual Studio 15
Project("{FAE04EC0-301F-11D3-BF4B-00C04F79EFBC}") = "FormulaMethodExercise", "FormulaMethodExercise\FormulaMethodExercise.csproj", "{B4841555-BA67-4FE6-89CA-94A4AE166214}"
EndProject
Global
	GlobalSection(SolutionConfigurationPlatforms) = preSolution
		Debug|Any CPU = Debug|Any CPU
		Release|Any CPU = Release|Any CPU
	EndGlobalSection
	GlobalSection(ProjectConfigurationPlatforms) = postSolution
		{B4841555-BA67-4FE6-89CA-94A4AE166214}.Debug|Any CPU.ActiveCfg = Debug|Any CPU
		{B4841555-BA67-4FE6-89CA-94A4AE166214}.Debug|Any CPU.Build.0 = Debug|Any CPU
		{B4841555-BA67-4FE6-89CA-94A4AE166214}.Release|Any CPU.ActiveCfg = Release|Any CPU
		{B4841555-BA67-4FE6-89CA-94A4AE166214}.Release|Any CPU.Build.0 = Release|Any CPU
	EndGlobalSection
EndGlobal
